
Microsoft Visual Studio Solution File, Format Version 12.00
# Visual Studio 15
VisualStudioVersion = 15.0.26228.18
MinimumVisualStudioVersion = 10.0.40219.1
Project("{FAE04EC0-301F-11D3-BF4B-00C04F79EFBC}") = "Aula 4 - Exercício 1", "Aula 4 - Exercício 1\Aula 4 - Exercício 1.csproj", "{37159C17-B77B-4113-A23F-24075A183B07}"
EndProject
Global
	GlobalSection(SolutionConfigurationPlatforms) = preSolution
		Debug|Any CPU = Debug|Any CPU
		Release|Any CPU = Release|Any CPU
	EndGlobalSection
	GlobalSection(ProjectConfigurationPlatforms) = postSolution
		{37159C17-B77B-4113-A23F-24075A183B07}.Debug|Any CPU.ActiveCfg = Debug|Any CPU
		{37159C17-B77B-4113-A23F-24075A183B07}.Debug|Any CPU.Build.0 = Debug|Any CPU
		{37159C17-B77B-4113-A23F-24075A183B07}.Release|Any CPU.ActiveCfg = Release|Any CPU
		{37159C17-B77B-4113-A23F-24075A183B07}.Release|Any CPU.Build.0 = Release|Any CPU
	EndGlobalSection
	GlobalSection(SolutionProperties) = preSolution
		HideSolutionNode = FALSE
	EndGlobalSection
EndGlobal
